PODS:
  - Alamofire (4.2.0)
  - AlamofireImage (3.2.0):
    - Alamofire (~> 4.1)
  - FBSnapshotTestCase (2.1.4):
    - FBSnapshotTestCase/SwiftSupport (= 2.1.4)
  - FBSnapshotTestCase/Core (2.1.4)
  - FBSnapshotTestCase/SwiftSupport (2.1.4):
    - FBSnapshotTestCase/Core
  - TWImageBrowser (1.2.1):
    - AlamofireImage

DEPENDENCIES:
  - FBSnapshotTestCase
  - TWImageBrowser (from `../`)

EXTERNAL SOURCES:
  TWImageBrowser:
    :path: ../

SPEC CHECKSUMS:
  Alamofire: aa2e09d871c9160ac53c90e83c68064a94e3dfbe
  AlamofireImage: 157ed682cc81d3b9db4fb90c1f12180ac552d93b
  FBSnapshotTestCase: 094f9f314decbabe373b87cc339bea235a63e07a
  TWImageBrowser: e040accaa0e785e2a4742a5e19eecd2f49407c1f

PODFILE CHECKSUM: 9ff71d4766ea4fe30373c5f667bcbd46eebc9fb1

COCOAPODS: 1.1.1
