PODS:
  - FBSnapshotTestCase (2.1.4):
    - FBSnapshotTestCase/SwiftSupport (= 2.1.4)
  - FBSnapshotTestCase/Core (2.1.4)
  - FBSnapshotTestCase/SwiftSupport (2.1.4):
    - FBSnapshotTestCase/Core
  - TWImageBrowser (1.1.0)

DEPENDENCIES:
  - FBSnapshotTestCase
  - TWImageBrowser (from `../`)

EXTERNAL SOURCES:
  TWImageBrowser:
    :path: ../

SPEC CHECKSUMS:
  FBSnapshotTestCase: 094f9f314decbabe373b87cc339bea235a63e07a
  TWImageBrowser: 54e1757d5c9baa21fb60a8b6c7df003edf37313e

PODFILE CHECKSUM: 9ff71d4766ea4fe30373c5f667bcbd46eebc9fb1

COCOAPODS: 1.1.1
